// !$*UTF8*$!
{
	archiveVersion = 1;
	classes = {
	};
	objectVersion = 77;
	objects = {

/* Begin PBXBuildFile section */
		3DB3746A2F0169600076AA11 /* FirebaseAuth in Frameworks */ = {isa = PBXBuildFile; productRef = 3DB374692F0169600076AA11 /* FirebaseAuth */; };
		3DB3746C2F0169600076AA11 /* FirebaseFirestore in Frameworks */ = {isa = PBXBuildFile; productRef = 3DB3746B2F0169600076AA11 /* FirebaseFirestore */; };
		3DB3746F2F016A2C0076AA11 /* GoogleSignIn in Frameworks */ = {isa = PBXBuildFile; productRef = 3DB3746E2F016A2C0076AA11 /* GoogleSignIn */; };
		3DB374712F016A2C0076AA11 /* GoogleSignInSwift in Frameworks */ = {isa = PBXBuildFile; productRef = 3DB374702F016A2C0076AA11 /* GoogleSignInSwift */; };
/* End PBXBuildFile section */

/* Begin PBXContainerItemProxy section */
		3DB3733E2F00EB820076AA11 /* PBXContainerItemProxy */ = {
			isa = PBXContainerItemProxy;
			containerPortal = 3DB373282F00EB800076AA11 /* Project object */;
			proxyType = 1;
			remoteGlobalIDString = 3DB3732F2F00EB800076AA11;
			remoteInfo = Grab;
		};
		3DB373482F00EB820076AA11 /* PBXContainerItemProxy */ = {
			isa = PBXContainerItemProxy;
			containerPortal = 3DB373282F00EB800076AA11 /* Project object */;
			proxyType = 1;
			remoteGlobalIDString = 3DB3732F2F00EB800076AA11;
			remoteInfo = Grab;
		};
/* End PBXContainerItemProxy section */

/* Begin PBXFileReference section */
		3DB373302F00EB800076AA11 /* Grab.app */ = {isa = PBXFileReference; explicitFileType = wrapper.application; includeInIndex = 0; path = Grab.app; sourceTree = BUILT_PRODUCTS_DIR; };
		3DB3733D2F00EB820076AA11 /* GrabTests.xctest */ = {isa = PBXFileReference; explicitFileType = wrapper.cfbundle; includeInIndex = 0; path = GrabTests.xctest; sourceTree = BUILT_PRODUCTS_DIR; };
		3DB373472F00EB820076AA11 /* GrabUITests.xctest */ = {isa = PBXFileReference; explicitFileType = wrapper.cfbundle; includeInIndex = 0; path = GrabUITests.xctest; sourceTree = BUILT_PRODUCTS_DIR; };
/* End PBXFileReference section */

/* Begin PBXFileSystemSynchronizedBuildFileExceptionSet section */
		3D3F0CCE2F0176D100B7369D /* Exceptions for "Grab" folder in "Grab" target */ = {
			isa = PBXFileSystemSynchronizedBuildFileExceptionSet;
			membershipExceptions = (
				Info.plist,
			);
			target = 3DB3732F2F00EB800076AA11 /* Grab */;
		};
/* End PBXFileSystemSynchronizedBuildFileExceptionSet section */

/* Begin PBXFileSystemSynchronizedRootGroup section */
		3DB373322F00EB800076AA11 /* Grab */ = {
			isa = PBXFileSystemSynchronizedRootGroup;
			exceptions = (
				3D3F0CCE2F0176D100B7369D /* Exceptions for "Grab" folder in "Grab" target */,
			);
			path = Grab;
			sourceTree = "<group>";
		};
		3DB373402F00EB820076AA11 /* GrabTests */ = {
			isa = PBXFileSystemSynchronizedRootGroup;
			path = GrabTests;
			sourceTree = "<group>";
		};
		3DB3734A2F00EB820076AA11 /* GrabUITests */ = {
			isa = PBXFileSystemSynchronizedRootGroup;
			path = GrabUITests;
			sourceTree = "<group>";
		};
/* End PBXFileSystemSynchronizedRootGroup section */

/* Begin PBXFrameworksBuildPhase section */
		3DB3732D2F00EB800076AA11 /* Frameworks */ = {
			isa = PBXFrameworksBuildPhase;
			buildActionMask = 2147483647;
			files = (
				3DB3746A2F0169600076AA11 /* FirebaseAuth in Frameworks */,
				3DB3746C2F0169600076AA11 /* FirebaseFirestore in Frameworks */,
				3DB3746F2F016A2C0076AA11 /* GoogleSignIn in Frameworks */,
				3DB374712F016A2C0076AA11 /* GoogleSignInSwift in Frameworks */,
			);
			runOnlyForDeploymentPostprocessing = 0;
		};
		3DB3733A2F00EB820076AA11 /* Frameworks */ = {
			isa = PBXFrameworksBuildPhase;
			buildActionMask = 2147483647;
			files = (
			);
			runOnlyForDeploymentPostprocessing = 0;
		};
		3DB373442F00EB820076AA11 /* Frameworks */ = {
			isa = PBXFrameworksBuildPhase;
			buildActionMask = 2147483647;
			files = (
			);
			runOnlyForDeploymentPostprocessing = 0;
		};
/* End PBXFrameworksBuildPhase section */

/* Begin PBXGroup section */
		3DB373272F00EB800076AA11 = {
			isa = PBXGroup;
			children = (
				3DB373322F00EB800076AA11 /* Grab */,
				3DB373402F00EB820076AA11 /* GrabTests */,
				3DB3734A2F00EB820076AA11 /* GrabUITests */,
				3DB373312F00EB800076AA11 /* Products */,
			);
			sourceTree = "<group>";
		};
		3DB373312F00EB800076AA11 /* Products */ = {
			isa = PBXGroup;
			children = (
				3DB373302F00EB800076AA11 /* Grab.app */,
				3DB3733D2F00EB820076AA11 /* GrabTests.xctest */,
				3DB373472F00EB820076AA11 /* GrabUITests.xctest */,
			);
			name = Products;
			sourceTree = "<group>";
		};
/* End PBXGroup section */

/* Begin PBXNativeTarget section */
		3DB3732F2F00EB800076AA11 /* Grab */ = {
			isa = PBXNativeTarget;
			buildConfigurationList = 3DB373512F00EB820076AA11 /* Build configuration list for PBXNativeTarget "Grab" */;
			buildPhases = (
				3DB3732C2F00EB800076AA11 /* Sources */,
				3DB3732D2F00EB800076AA11 /* Frameworks */,
				3DB3732E2F00EB800076AA11 /* Resources */,
			);
			buildRules = (
			);
			dependencies = (
			);
			fileSystemSynchronizedGroups = (
				3DB373322F00EB800076AA11 /* Grab */,
			);
			name = Grab;
			packageProductDependencies = (
				3DB374692F0169600076AA11 /* FirebaseAuth */,
				3DB3746B2F0169600076AA11 /* FirebaseFirestore */,
				3DB3746E2F016A2C0076AA11 /* GoogleSignIn */,
				3DB374702F016A2C0076AA11 /* GoogleSignInSwift */,
			);
			productName = Grab;
			productReference = 3DB373302F00EB800076AA11 /* Grab.app */;
			productType = "com.apple.product-type.application";
		};
		3DB3733C2F00EB820076AA11 /* GrabTests */ = {
			isa = PBXNativeTarget;
			buildConfigurationList = 3DB373542F00EB820076AA11 /* Build configuration list for PBXNativeTarget "GrabTests" */;
			buildPhases = (
				3DB373392F00EB820076AA11 /* Sources */,
				3DB3733A2F00EB820076AA11 /* Frameworks */,
				3DB3733B2F00EB820076AA11 /* Resources */,
			);
			buildRules = (
			);
			dependencies = (
				3DB3733F2F00EB820076AA11 /* PBXTargetDependency */,
			);
			fileSystemSynchronizedGroups = (
				3DB373402F00EB820076AA11 /* GrabTests */,
			);
			name = GrabTests;
			packageProductDependencies = (
			);
			productName = GrabTests;
			productReference = 3DB3733D2F00EB820076AA11 /* GrabTests.xctest */;
			productType = "com.apple.product-type.bundle.unit-test";
		};
		3DB373462F00EB820076AA11 /* GrabUITests */ = {
			isa = PBXNativeTarget;
			buildConfigurationList = 3DB373572F00EB820076AA11 /* Build configuration list for PBXNativeTarget "GrabUITests" */;
			buildPhases = (
				3DB373432F00EB820076AA11 /* Sources */,
				3DB373442F00EB820076AA11 /* Frameworks */,
				3DB373452F00EB820076AA11 /* Resources */,
			);
			buildRules = (
			);
			dependencies = (
				3DB373492F00EB820076AA11 /* PBXTargetDependency */,
			);
			fileSystemSynchronizedGroups = (
				3DB3734A2F00EB820076AA11 /* GrabUITests */,
			);
			name = GrabUITests;
			packageProductDependencies = (
			);
			productName = GrabUITests;
			productReference = 3DB373472F00EB820076AA11 /* GrabUITests.xctest */;
			productType = "com.apple.product-type.bundle.ui-testing";
		};
/* End PBXNativeTarget section */

/* Begin PBXProject section */
		3DB373282F00EB800076AA11 /* Project object */ = {
			isa = PBXProject;
			attributes = {
				BuildIndependentTargetsInParallel = 1;
				LastSwiftUpdateCheck = 2620;
				LastUpgradeCheck = 2620;
				TargetAttributes = {
					3DB3732F2F00EB800076AA11 = {
						CreatedOnToolsVersion = 26.2;
					};
					3DB3733C2F00EB820076AA11 = {
						CreatedOnToolsVersion = 26.2;
						TestTargetID = 3DB3732F2F00EB800076AA11;
					};
					3DB373462F00EB820076AA11 = {
						CreatedOnToolsVersion = 26.2;
						TestTargetID = 3DB3732F2F00EB800076AA11;
					};
				};
			};
			buildConfigurationList = 3DB3732B2F00EB800076AA11 /* Build configuration list for PBXProject "Grab" */;
			developmentRegion = en;
			hasScannedForEncodings = 0;
			knownRegions = (
				en,
				Base,
			);
			mainGroup = 3DB373272F00EB800076AA11;
			minimizedProjectReferenceProxies = 1;
			packageReferences = (
				3DB374602F0168810076AA11 /* XCRemoteSwiftPackageReference "swift-algorithms" */,
				3DB374682F0169600076AA11 /* XCRemoteSwiftPackageReference "firebase-ios-sdk" */,
				3DB3746D2F016A2C0076AA11 /* XCRemoteSwiftPackageReference "GoogleSignIn-iOS" */,
			);
			preferredProjectObjectVersion = 77;
			productRefGroup = 3DB373312F00EB800076AA11 /* Products */;
			projectDirPath = "";
			projectRoot = "";
			targets = (
				3DB3732F2F00EB800076AA11 /* Grab */,
				3DB3733C2F00EB820076AA11 /* GrabTests */,
				3DB373462F00EB820076AA11 /* GrabUITests */,
			);
		};
/* End PBXProject section */

/* Begin PBXResourcesBuildPhase section */
		3DB3732E2F00EB800076AA11 /* Resources */ = {
			isa = PBXResourcesBuildPhase;
			buildActionMask = 2147483647;
			files = (
			);
			runOnlyForDeploymentPostprocessing = 0;
		};
		3DB3733B2F00EB820076AA11 /* Resources */ = {
			isa = PBXResourcesBuildPhase;
			buildActionMask = 2147483647;
			files = (
			);
			runOnlyForDeploymentPostprocessing = 0;
		};
		3DB373452F00EB820076AA11 /* Resources */ = {
			isa = PBXResourcesBuildPhase;
			buildActionMask = 2147483647;
			files = (
			);
			runOnlyForDeploymentPostprocessing = 0;
		};
/* End PBXResourcesBuildPhase section */

/* Begin PBXSourcesBuildPhase section */
		3DB3732C2F00EB800076AA11 /* Sources */ = {
			isa = PBXSourcesBuildPhase;
			buildActionMask = 2147483647;
			files = (
			);
			runOnlyForDeploymentPostprocessing = 0;
		};
		3DB373392F00EB820076AA11 /* Sources */ = {
			isa = PBXSourcesBuildPhase;
			buildActionMask = 2147483647;
			files = (
			);
			runOnlyForDeploymentPostprocessing = 0;
		};
		3DB373432F00EB820076AA11 /* Sources */ = {
			isa = PBXSourcesBuildPhase;
			buildActionMask = 2147483647;
			files = (
			);
			runOnlyForDeploymentPostprocessing = 0;
		};
/* End PBXSourcesBuildPhase section */

/* Begin PBXTargetDependency section */
		3DB3733F2F00EB820076AA11 /* PBXTargetDependency */ = {
			isa = PBXTargetDependency;
			target = 3DB3732F2F00EB800076AA11 /* Grab */;
			targetProxy = 3DB3733E2F00EB820076AA11 /* PBXContainerItemProxy */;
		};
		3DB373492F00EB820076AA11 /* PBXTargetDependency */ = {
			isa = PBXTargetDependency;
			target = 3DB3732F2F00EB800076AA11 /* Grab */;
			targetProxy = 3DB373482F00EB820076AA11 /* PBXContainerItemProxy */;
		};
/* End PBXTargetDependency section */

/* Begin XCBuildConfiguration section */
		3DB3734F2F00EB820076AA11 /* Debug */ = {
			isa = XCBuildConfiguration;
			buildSettings = {
				ALWAYS_SEARCH_USER_PATHS = NO;
				ASSETCATALOG_COMPILER_GENERATE_SWIFT_ASSET_SYMBOL_EXTENSIONS = YES;
				CLANG_ANALYZER_NONNULL = YES;
				CLANG_ANALYZER_NUMBER_OBJECT_CONVERSION = YES_AGGRESSIVE;
				CLANG_CXX_LANGUAGE_STANDARD = "gnu++20";
				CLANG_ENABLE_MODULES = YES;
				CLANG_ENABLE_OBJC_ARC = YES;
				CLANG_ENABLE_OBJC_WEAK = YES;
				CLANG_WARN_BLOCK_CAPTURE_AUTORELEASING = YES;
				CLANG_WARN_BOOL_CONVERSION = YES;
				CLANG_WARN_COMMA = YES;
				CLANG_WARN_CONSTANT_CONVERSION = YES;
				CLANG_WARN_DEPRECATED_OBJC_IMPLEMENTATIONS = YES;
				CLANG_WARN_DIRECT_OBJC_ISA_USAGE = YES_ERROR;
				CLANG_WARN_DOCUMENTATION_COMMENTS = YES;
				CLANG_WARN_EMPTY_BODY = YES;
				CLANG_WARN_ENUM_CONVERSION = YES;
				CLANG_WARN_INFINITE_RECURSION = YES;
				CLANG_WARN_INT_CONVERSION = YES;
				CLANG_WARN_NON_LITERAL_NULL_CONVERSION = YES;
				CLANG_WARN_OBJC_IMPLICIT_RETAIN_SELF = YES;
				CLANG_WARN_OBJC_LITERAL_CONVERSION = YES;
				CLANG_WARN_OBJC_ROOT_CLASS = YES_ERROR;
				CLANG_WARN_QUOTED_INCLUDE_IN_FRAMEWORK_HEADER = YES;
				CLANG_WARN_RANGE_LOOP_ANALYSIS = YES;
				CLANG_WARN_STRICT_PROTOTYPES = YES;
				CLANG_WARN_SUSPICIOUS_MOVE = YES;
				CLANG_WARN_UNGUARDED_AVAILABILITY = YES_AGGRESSIVE;
				CLANG_WARN_UNREACHABLE_CODE = YES;
				CLANG_WARN__DUPLICATE_METHOD_MATCH = YES;
				COPY_PHASE_STRIP = NO;
				DEBUG_INFORMATION_FORMAT = dwarf;
				DEVELOPMENT_TEAM = 8Q3JUQLLW5;
				ENABLE_STRICT_OBJC_MSGSEND = YES;
				ENABLE_TESTABILITY = YES;
				ENABLE_USER_SCRIPT_SANDBOXING = YES;
				GCC_C_LANGUAGE_STANDARD = gnu17;
				GCC_DYNAMIC_NO_PIC = NO;
				GCC_NO_COMMON_BLOCKS = YES;
				GCC_OPTIMIZATION_LEVEL = 0;
				GCC_PREPROCESSOR_DEFINITIONS = (
					"DEBUG=1",
					"$(inherited)",
				);
				GCC_WARN_64_TO_32_BIT_CONVERSION = YES;
				GCC_WARN_ABOUT_RETURN_TYPE = YES_ERROR;
				GCC_WARN_UNDECLARED_SELECTOR = YES;
				GCC_WARN_UNINITIALIZED_AUTOS = YES_AGGRESSIVE;
				GCC_WARN_UNUSED_FUNCTION = YES;
				GCC_WARN_UNUSED_VARIABLE = YES;
				IPHONEOS_DEPLOYMENT_TARGET = 15.0;
				LOCALIZATION_PREFERS_STRING_CATALOGS = YES;
				MTL_ENABLE_DEBUG_INFO = INCLUDE_SOURCE;
				MTL_FAST_MATH = YES;
				ONLY_ACTIVE_ARCH = YES;
				SDKROOT = iphoneos;
				SWIFT_ACTIVE_COMPILATION_CONDITIONS = "DEBUG $(inherited)";
				SWIFT_OPTIMIZATION_LEVEL = "-Onone";
			};
			name = Debug;
		};
		3DB373502F00EB820076AA11 /* Release */ = {
			isa = XCBuildConfiguration;
			buildSettings = {
				ALWAYS_SEARCH_USER_PATHS = NO;
				ASSETCATALOG_COMPILER_GENERATE_SWIFT_ASSET_SYMBOL_EXTENSIONS = YES;
				CLANG_ANALYZER_NONNULL = YES;
				CLANG_ANALYZER_NUMBER_OBJECT_CONVERSION = YES_AGGRESSIVE;
				CLANG_CXX_LANGUAGE_STANDARD = "gnu++20";
				CLANG_ENABLE_MODULES = YES;
				CLANG_ENABLE_OBJC_ARC = YES;
				CLANG_ENABLE_OBJC_WEAK = YES;
				CLANG_WARN_BLOCK_CAPTURE_AUTORELEASING = YES;
				CLANG_WARN_BOOL_CONVERSION = YES;
				CLANG_WARN_COMMA = YES;
				CLANG_WARN_CONSTANT_CONVERSION = YES;
				CLANG_WARN_DEPRECATED_OBJC_IMPLEMENTATIONS = YES;
				CLANG_WARN_DIRECT_OBJC_ISA_USAGE = YES_ERROR;
				CLANG_WARN_DOCUMENTATION_COMMENTS = YES;
				CLANG_WARN_EMPTY_BODY = YES;
				CLANG_WARN_ENUM_CONVERSION = YES;
				CLANG_WARN_INFINITE_RECURSION = YES;
				CLANG_WARN_INT_CONVERSION = YES;
				CLANG_WARN_NON_LITERAL_NULL_CONVERSION = YES;
				CLANG_WARN_OBJC_IMPLICIT_RETAIN_SELF = YES;
				CLANG_WARN_OBJC_LITERAL_CONVERSION = YES;
				CLANG_WARN_OBJC_ROOT_CLASS = YES_ERROR;
				CLANG_WARN_QUOTED_INCLUDE_IN_FRAMEWORK_HEADER = YES;
				CLANG_WARN_RANGE_LOOP_ANALYSIS = YES;
				CLANG_WARN_STRICT_PROTOTYPES = YES;
				CLANG_WARN_SUSPICIOUS_MOVE = YES;
				CLANG_WARN_UNGUARDED_AVAILABILITY = YES_AGGRESSIVE;
				CLANG_WARN_UNREACHABLE_CODE = YES;
				CLANG_WARN__DUPLICATE_METHOD_MATCH = YES;
				COPY_PHASE_STRIP = NO;
				DEBUG_INFORMATION_FORMAT = "dwarf-with-dsym";
				DEVELOPMENT_TEAM = 8Q3JUQLLW5;
				ENABLE_NS_ASSERTIONS = NO;
				ENABLE_STRICT_OBJC_MSGSEND = YES;
				ENABLE_USER_SCRIPT_SANDBOXING = YES;
				GCC_C_LANGUAGE_STANDARD = gnu17;
				GCC_NO_COMMON_BLOCKS = YES;
				GCC_WARN_64_TO_32_BIT_CONVERSION = YES;
				GCC_WARN_ABOUT_RETURN_TYPE = YES_ERROR;
				GCC_WARN_UNDECLARED_SELECTOR = YES;
				GCC_WARN_UNINITIALIZED_AUTOS = YES_AGGRESSIVE;
				GCC_WARN_UNUSED_FUNCTION = YES;
				GCC_WARN_UNUSED_VARIABLE = YES;
				IPHONEOS_DEPLOYMENT_TARGET = 15.0;
				LOCALIZATION_PREFERS_STRING_CATALOGS = YES;
				MTL_ENABLE_DEBUG_INFO = NO;
				MTL_FAST_MATH = YES;
				SDKROOT = iphoneos;
				SWIFT_COMPILATION_MODE = wholemodule;
				VALIDATE_PRODUCT = YES;
			};
			name = Release;
		};
		3DB373522F00EB820076AA11 /* Debug */ = {
			isa = XCBuildConfiguration;
			buildSettings = {
				ASSETCATALOG_COMPILER_APPICON_NAME = AppIcon;
				ASSETCATALOG_COMPILER_GLOBAL_ACCENT_COLOR_NAME = AccentColor;
				CODE_SIGN_STYLE = Automatic;
				CURRENT_PROJECT_VERSION = 1;
				DEVELOPMENT_TEAM = 8Q3JUQLLW5;
				ENABLE_PREVIEWS = YES;
				GENERATE_INFOPLIST_FILE = YES;
				INFOPLIST_FILE = Grab/Info.plist;
				INFOPLIST_KEY_UIApplicationSceneManifest_Generation = YES;
				INFOPLIST_KEY_UIApplicationSupportsIndirectInputEvents = YES;
				INFOPLIST_KEY_UILaunchScreen_Generation = YES;
				INFOPLIST_KEY_UISupportedInterfaceOrientations_iPad = "UIInterfaceOrientationPortrait UIInterfaceOrientationPortraitUpsideDown UIInterfaceOrientationLandscapeLeft UIInterfaceOrientationLandscapeRight";
				INFOPLIST_KEY_UISupportedInterfaceOrientations_iPhone = "UIInterfaceOrientationPortrait UIInterfaceOrientationLandscapeLeft UIInterfaceOrientationLandscapeRight";
				LD_RUNPATH_SEARCH_PATHS = (
					"$(inherited)",
					"@executable_path/Frameworks",
				);
				MARKETING_VERSION = 1.0;
				PRODUCT_BUNDLE_IDENTIFIER = com.shreyasgurav.Grab;
				PRODUCT_NAME = "$(TARGET_NAME)";
				STRING_CATALOG_GENERATE_SYMBOLS = YES;
				SWIFT_APPROACHABLE_CONCURRENCY = YES;
				SWIFT_DEFAULT_ACTOR_ISOLATION = MainActor;
				SWIFT_EMIT_LOC_STRINGS = YES;
				SWIFT_UPCOMING_FEATURE_MEMBER_IMPORT_VISIBILITY = YES;
				SWIFT_VERSION = 5.0;
				TARGETED_DEVICE_FAMILY = "1,2";
			};
			name = Debug;
		};
		3DB373532F00EB820076AA11 /* Release */ = {
			isa = XCBuildConfiguration;
			buildSettings = {
				ASSETCATALOG_COMPILER_APPICON_NAME = AppIcon;
				ASSETCATALOG_COMPILER_GLOBAL_ACCENT_COLOR_NAME = AccentColor;
				CODE_SIGN_STYLE = Automatic;
				CURRENT_PROJECT_VERSION = 1;
				DEVELOPMENT_TEAM = 8Q3JUQLLW5;
				ENABLE_PREVIEWS = YES;
				GENERATE_INFOPLIST_FILE = YES;
				INFOPLIST_FILE = Grab/Info.plist;
				INFOPLIST_KEY_UIApplicationSceneManifest_Generation = YES;
				INFOPLIST_KEY_UIApplicationSupportsIndirectInputEvents = YES;
				INFOPLIST_KEY_UILaunchScreen_Generation = YES;
				INFOPLIST_KEY_UISupportedInterfaceOrientations_iPad = "UIInterfaceOrientationPortrait UIInterfaceOrientationPortraitUpsideDown UIInterfaceOrientationLandscapeLeft UIInterfaceOrientationLandscapeRight";
				INFOPLIST_KEY_UISupportedInterfaceOrientations_iPhone = "UIInterfaceOrientationPortrait UIInterfaceOrientationLandscapeLeft UIInterfaceOrientationLandscapeRight";
				LD_RUNPATH_SEARCH_PATHS = (
					"$(inherited)",
					"@executable_path/Frameworks",
				);
				MARKETING_VERSION = 1.0;
				PRODUCT_BUNDLE_IDENTIFIER = com.shreyasgurav.Grab;
				PRODUCT_NAME = "$(TARGET_NAME)";
				STRING_CATALOG_GENERATE_SYMBOLS = YES;
				SWIFT_APPROACHABLE_CONCURRENCY = YES;
				SWIFT_DEFAULT_ACTOR_ISOLATION = MainActor;
				SWIFT_EMIT_LOC_STRINGS = YES;
				SWIFT_UPCOMING_FEATURE_MEMBER_IMPORT_VISIBILITY = YES;
				SWIFT_VERSION = 5.0;
				TARGETED_DEVICE_FAMILY = "1,2";
			};
			name = Release;
		};
		3DB373552F00EB820076AA11 /* Debug */ = {
			isa = XCBuildConfiguration;
			buildSettings = {
				BUNDLE_LOADER = "$(TEST_HOST)";
				CODE_SIGN_STYLE = Automatic;
				CURRENT_PROJECT_VERSION = 1;
				DEVELOPMENT_TEAM = 8Q3JUQLLW5;
				GENERATE_INFOPLIST_FILE = YES;
				IPHONEOS_DEPLOYMENT_TARGET = 15.0;
				MARKETING_VERSION = 1.0;
				PRODUCT_BUNDLE_IDENTIFIER = com.shreyasgurav.GrabTests;
				PRODUCT_NAME = "$(TARGET_NAME)";
				STRING_CATALOG_GENERATE_SYMBOLS = NO;
				SWIFT_APPROACHABLE_CONCURRENCY = YES;
				SWIFT_EMIT_LOC_STRINGS = NO;
				SWIFT_UPCOMING_FEATURE_MEMBER_IMPORT_VISIBILITY = YES;
				SWIFT_VERSION = 5.0;
				TARGETED_DEVICE_FAMILY = "1,2";
				TEST_HOST = "$(BUILT_PRODUCTS_DIR)/Grab.app/$(BUNDLE_EXECUTABLE_FOLDER_PATH)/Grab";
			};
			name = Debug;
		};
		3DB373562F00EB820076AA11 /* Release */ = {
			isa = XCBuildConfiguration;
			buildSettings = {
				BUNDLE_LOADER = "$(TEST_HOST)";
				CODE_SIGN_STYLE = Automatic;
				CURRENT_PROJECT_VERSION = 1;
				DEVELOPMENT_TEAM = 8Q3JUQLLW5;
				GENERATE_INFOPLIST_FILE = YES;
				IPHONEOS_DEPLOYMENT_TARGET = 15.0;
				MARKETING_VERSION = 1.0;
				PRODUCT_BUNDLE_IDENTIFIER = com.shreyasgurav.GrabTests;
				PRODUCT_NAME = "$(TARGET_NAME)";
				STRING_CATALOG_GENERATE_SYMBOLS = NO;
				SWIFT_APPROACHABLE_CONCURRENCY = YES;
				SWIFT_EMIT_LOC_STRINGS = NO;
				SWIFT_UPCOMING_FEATURE_MEMBER_IMPORT_VISIBILITY = YES;
				SWIFT_VERSION = 5.0;
				TARGETED_DEVICE_FAMILY = "1,2";
				TEST_HOST = "$(BUILT_PRODUCTS_DIR)/Grab.app/$(BUNDLE_EXECUTABLE_FOLDER_PATH)/Grab";
			};
			name = Release;
		};
		3DB373582F00EB820076AA11 /* Debug */ = {
			isa = XCBuildConfiguration;
			buildSettings = {
				CODE_SIGN_STYLE = Automatic;
				CURRENT_PROJECT_VERSION = 1;
				DEVELOPMENT_TEAM = 8Q3JUQLLW5;
				GENERATE_INFOPLIST_FILE = YES;
				MARKETING_VERSION = 1.0;
				PRODUCT_BUNDLE_IDENTIFIER = com.shreyasgurav.GrabUITests;
				PRODUCT_NAME = "$(TARGET_NAME)";
				STRING_CATALOG_GENERATE_SYMBOLS = NO;
				SWIFT_APPROACHABLE_CONCURRENCY = YES;
				SWIFT_EMIT_LOC_STRINGS = NO;
				SWIFT_UPCOMING_FEATURE_MEMBER_IMPORT_VISIBILITY = YES;
				SWIFT_VERSION = 5.0;
				TARGETED_DEVICE_FAMILY = "1,2";
				TEST_TARGET_NAME = Grab;
			};
			name = Debug;
		};
		3DB373592F00EB820076AA11 /* Release */ = {
			isa = XCBuildConfiguration;
			buildSettings = {
				CODE_SIGN_STYLE = Automatic;
				CURRENT_PROJECT_VERSION = 1;
				DEVELOPMENT_TEAM = 8Q3JUQLLW5;
				GENERATE_INFOPLIST_FILE = YES;
				MARKETING_VERSION = 1.0;
				PRODUCT_BUNDLE_IDENTIFIER = com.shreyasgurav.GrabUITests;
				PRODUCT_NAME = "$(TARGET_NAME)";
				STRING_CATALOG_GENERATE_SYMBOLS = NO;
				SWIFT_APPROACHABLE_CONCURRENCY = YES;
				SWIFT_EMIT_LOC_STRINGS = NO;
				SWIFT_UPCOMING_FEATURE_MEMBER_IMPORT_VISIBILITY = YES;
				SWIFT_VERSION = 5.0;
				TARGETED_DEVICE_FAMILY = "1,2";
				TEST_TARGET_NAME = Grab;
			};
			name = Release;
		};
/* End XCBuildConfiguration section */

/* Begin XCConfigurationList section */
		3DB3732B2F00EB800076AA11 /* Build configuration list for PBXProject "Grab" */ = {
			isa = XCConfigurationList;
			buildConfigurations = (
				3DB3734F2F00EB820076AA11 /* Debug */,
				3DB373502F00EB820076AA11 /* Release */,
			);
			defaultConfigurationIsVisible = 0;
			defaultConfigurationName = Release;
		};
		3DB373512F00EB820076AA11 /* Build configuration list for PBXNativeTarget "Grab" */ = {
			isa = XCConfigurationList;
			buildConfigurations = (
				3DB373522F00EB820076AA11 /* Debug */,
				3DB373532F00EB820076AA11 /* Release */,
			);
			defaultConfigurationIsVisible = 0;
			defaultConfigurationName = Release;
		};
		3DB373542F00EB820076AA11 /* Build configuration list for PBXNativeTarget "GrabTests" */ = {
			isa = XCConfigurationList;
			buildConfigurations = (
				3DB373552F00EB820076AA11 /* Debug */,
				3DB373562F00EB820076AA11 /* Release */,
			);
			defaultConfigurationIsVisible = 0;
			defaultConfigurationName = Release;
		};
		3DB373572F00EB820076AA11 /* Build configuration list for PBXNativeTarget "GrabUITests" */ = {
			isa = XCConfigurationList;
			buildConfigurations = (
				3DB373582F00EB820076AA11 /* Debug */,
				3DB373592F00EB820076AA11 /* Release */,
			);
			defaultConfigurationIsVisible = 0;
			defaultConfigurationName = Release;
		};
/* End XCConfigurationList section */

/* Begin XCRemoteSwiftPackageReference section */
		3DB374602F0168810076AA11 /* XCRemoteSwiftPackageReference "swift-algorithms" */ = {
			isa = XCRemoteSwiftPackageReference;
			repositoryURL = "https://github.com/apple/swift-algorithms.git";
			requirement = {
				kind = upToNextMajorVersion;
				minimumVersion = 1.2.1;
			};
		};
		3DB374682F0169600076AA11 /* XCRemoteSwiftPackageReference "firebase-ios-sdk" */ = {
			isa = XCRemoteSwiftPackageReference;
			repositoryURL = "https://github.com/firebase/firebase-ios-sdk";
			requirement = {
				kind = upToNextMajorVersion;
				minimumVersion = 12.7.0;
			};
		};
		3DB3746D2F016A2C0076AA11 /* XCRemoteSwiftPackageReference "GoogleSignIn-iOS" */ = {
			isa = XCRemoteSwiftPackageReference;
			repositoryURL = "https://github.com/google/GoogleSignIn-iOS";
			requirement = {
				kind = upToNextMajorVersion;
				minimumVersion = 9.0.0;
			};
		};
/* End XCRemoteSwiftPackageReference section */

/* Begin XCSwiftPackageProductDependency section */
		3DB374692F0169600076AA11 /* FirebaseAuth */ = {
			isa = XCSwiftPackageProductDependency;
			package = 3DB374682F0169600076AA11 /* XCRemoteSwiftPackageReference "firebase-ios-sdk" */;
			productName = FirebaseAuth;
		};
		3DB3746B2F0169600076AA11 /* FirebaseFirestore */ = {
			isa = XCSwiftPackageProductDependency;
			package = 3DB374682F0169600076AA11 /* XCRemoteSwiftPackageReference "firebase-ios-sdk" */;
			productName = FirebaseFirestore;
		};
		3DB3746E2F016A2C0076AA11 /* GoogleSignIn */ = {
			isa = XCSwiftPackageProductDependency;
			package = 3DB3746D2F016A2C0076AA11 /* XCRemoteSwiftPackageReference "GoogleSignIn-iOS" */;
			productName = GoogleSignIn;
		};
		3DB374702F016A2C0076AA11 /* GoogleSignInSwift */ = {
			isa = XCSwiftPackageProductDependency;
			package = 3DB3746D2F016A2C0076AA11 /* XCRemoteSwiftPackageReference "GoogleSignIn-iOS" */;
			productName = GoogleSignInSwift;
		};
/* End XCSwiftPackageProductDependency section */
	};
	rootObject = 3DB373282F00EB800076AA11 /* Project object */;
}
